
Microsoft Visual Studio Solution File, Format Version 12.00
# Visual Studio Version 16
VisualStudioVersion = 16.0.29709.97
MinimumVisualStudioVersion = 10.0.40219.1
Project("{FAE04EC0-301F-11D3-BF4B-00C04F79EFBC}") = "jeudevie", "jeudevie\jeudevie.csproj", "{56E93A8D-DCA5-4744-8449-DB44ACDC06ED}"
EndProject
Project("{FAE04EC0-301F-11D3-BF4B-00C04F79EFBC}") = "jeu", "jeu\jeu.csproj", "{E7797F3E-7BDD-4AD4-902D-BEF0ABAA1CC5}"
EndProject
Global
	GlobalSection(SolutionConfigurationPlatforms) = preSolution
		Debug|Any CPU = Debug|Any CPU
		Release|Any CPU = Release|Any CPU
	EndGlobalSection
	GlobalSection(ProjectConfigurationPlatforms) = postSolution
		{56E93A8D-DCA5-4744-8449-DB44ACDC06ED}.Debug|Any CPU.ActiveCfg = Debug|Any CPU
		{56E93A8D-DCA5-4744-8449-DB44ACDC06ED}.Debug|Any CPU.Build.0 = Debug|Any CPU
		{56E93A8D-DCA5-4744-8449-DB44ACDC06ED}.Release|Any CPU.ActiveCfg = Release|Any CPU
		{56E93A8D-DCA5-4744-8449-DB44ACDC06ED}.Release|Any CPU.Build.0 = Release|Any CPU
		{E7797F3E-7BDD-4AD4-902D-BEF0ABAA1CC5}.Debug|Any CPU.ActiveCfg = Debug|Any CPU
		{E7797F3E-7BDD-4AD4-902D-BEF0ABAA1CC5}.Debug|Any CPU.Build.0 = Debug|Any CPU
		{E7797F3E-7BDD-4AD4-902D-BEF0ABAA1CC5}.Release|Any CPU.ActiveCfg = Release|Any CPU
		{E7797F3E-7BDD-4AD4-902D-BEF0ABAA1CC5}.Release|Any CPU.Build.0 = Release|Any CPU
	EndGlobalSection
	GlobalSection(SolutionProperties) = preSolution
		HideSolutionNode = FALSE
	EndGlobalSection
	GlobalSection(ExtensibilityGlobals) = postSolution
		SolutionGuid = {A18B0262-7314-4094-BAC3-47E609316699}
	EndGlobalSection
EndGlobal
